
Microsoft Visual Studio Solution File, Format Version 12.00
# Visual Studio Version 16
VisualStudioVersion = 16.0.30621.155
MinimumVisualStudioVersion = 10.0.40219.1
Project("{FAE04EC0-301F-11D3-BF4B-00C04F79EFBC}") = "Client", "Client.csproj", "{4D13DF30-8577-41C3-AA4A-E6F0E6570FA7}"
EndProject
Project("{FAE04EC0-301F-11D3-BF4B-00C04F79EFBC}") = "Server", "..\Server\Server.csproj", "{94A59921-8BC1-4D96-B7F4-F28BA281B12F}"
EndProject
Global
	GlobalSection(SolutionConfigurationPlatforms) = preSolution
		Debug|Any CPU = Debug|Any CPU
		Release|Any CPU = Release|Any CPU
	EndGlobalSection
	GlobalSection(ProjectConfigurationPlatforms) = postSolution
		{4D13DF30-8577-41C3-AA4A-E6F0E6570FA7}.Debug|Any CPU.ActiveCfg = Debug|Any CPU
		{4D13DF30-8577-41C3-AA4A-E6F0E6570FA7}.Debug|Any CPU.Build.0 = Debug|Any CPU
		{4D13DF30-8577-41C3-AA4A-E6F0E6570FA7}.Release|Any CPU.ActiveCfg = Release|Any CPU
		{4D13DF30-8577-41C3-AA4A-E6F0E6570FA7}.Release|Any CPU.Build.0 = Release|Any CPU
		{94A59921-8BC1-4D96-B7F4-F28BA281B12F}.Debug|Any CPU.ActiveCfg = Debug|Any CPU
		{94A59921-8BC1-4D96-B7F4-F28BA281B12F}.Debug|Any CPU.Build.0 = Debug|Any CPU
		{94A59921-8BC1-4D96-B7F4-F28BA281B12F}.Release|Any CPU.ActiveCfg = Release|Any CPU
		{94A59921-8BC1-4D96-B7F4-F28BA281B12F}.Release|Any CPU.Build.0 = Release|Any CPU
	EndGlobalSection
	GlobalSection(SolutionProperties) = preSolution
		HideSolutionNode = FALSE
	EndGlobalSection
	GlobalSection(ExtensibilityGlobals) = postSolution
		SolutionGuid = {871C649B-B196-42F3-8B28-5E9C6A5027D2}
	EndGlobalSection
EndGlobal
