
Microsoft Visual Studio Solution File, Format Version 12.00
# Visual Studio Version 16
VisualStudioVersion = 16.0.30621.155
MinimumVisualStudioVersion = 10.0.40219.1
Project("{9A19103F-16F7-4668-BE54-9A1E7A4F7556}") = "lab2_PR", "lab2_PR.csproj", "{6BE1F075-1754-46D4-B317-6542F05AA117}"
EndProject
Project("{2150E333-8FDC-42A3-9474-1A3956D46DE8}") = "Server", "Server", "{C296589E-16E3-4A48-A624-0E7B64055696}"
EndProject
Project("{9A19103F-16F7-4668-BE54-9A1E7A4F7556}") = "UDPServer", "..\UDPServer\UDPServer.csproj", "{A01653D6-AFFE-42C3-AFC6-27E71817FCC3}"
EndProject
Project("{2150E333-8FDC-42A3-9474-1A3956D46DE8}") = "Client", "Client", "{30B79B69-1085-4057-A057-31F2D1E5D863}"
EndProject
Project("{9A19103F-16F7-4668-BE54-9A1E7A4F7556}") = "UDPClient", "..\UDPClient\UDPClient.csproj", "{D5EE304A-227C-4A50-8F0A-A8D1E4036C34}"
EndProject
Project("{9A19103F-16F7-4668-BE54-9A1E7A4F7556}") = "SecureKeyExchange.Tests", "..\UnitTest\SecureKeyExchange.Tests.csproj", "{86A65EE7-29ED-4780-AA29-31DABA6A1DA3}"
EndProject
Project("{2150E333-8FDC-42A3-9474-1A3956D46DE8}") = "ErrorChecking", "ErrorChecking", "{C27802CB-C5C6-499F-A912-5B140A1317F6}"
	ProjectSection(SolutionItems) = preProject
		ErrorChecking.cs = ErrorChecking.cs
	EndProjectSection
EndProject
Project("{2150E333-8FDC-42A3-9474-1A3956D46DE8}") = "ATM_Machine", "ATM_Machine", "{C798542E-0174-4DB6-9FA7-AE0E4483F23E}"
	ProjectSection(SolutionItems) = preProject
		AtmMachine.cs = AtmMachine.cs
		AtmStateMachine.cs = AtmStateMachine.cs
		HasDebitCardState.cs = HasDebitCardState.cs
		NoDebitCardState.cs = NoDebitCardState.cs
	EndProjectSection
EndProject
Global
	GlobalSection(SolutionConfigurationPlatforms) = preSolution
		Debug|Any CPU = Debug|Any CPU
		Release|Any CPU = Release|Any CPU
	EndGlobalSection
	GlobalSection(ProjectConfigurationPlatforms) = postSolution
		{6BE1F075-1754-46D4-B317-6542F05AA117}.Debug|Any CPU.ActiveCfg = Debug|Any CPU
		{6BE1F075-1754-46D4-B317-6542F05AA117}.Debug|Any CPU.Build.0 = Debug|Any CPU
		{6BE1F075-1754-46D4-B317-6542F05AA117}.Release|Any CPU.ActiveCfg = Release|Any CPU
		{6BE1F075-1754-46D4-B317-6542F05AA117}.Release|Any CPU.Build.0 = Release|Any CPU
		{A01653D6-AFFE-42C3-AFC6-27E71817FCC3}.Debug|Any CPU.ActiveCfg = Debug|Any CPU
		{A01653D6-AFFE-42C3-AFC6-27E71817FCC3}.Debug|Any CPU.Build.0 = Debug|Any CPU
		{A01653D6-AFFE-42C3-AFC6-27E71817FCC3}.Release|Any CPU.ActiveCfg = Release|Any CPU
		{A01653D6-AFFE-42C3-AFC6-27E71817FCC3}.Release|Any CPU.Build.0 = Release|Any CPU
		{D5EE304A-227C-4A50-8F0A-A8D1E4036C34}.Debug|Any CPU.ActiveCfg = Debug|Any CPU
		{D5EE304A-227C-4A50-8F0A-A8D1E4036C34}.Debug|Any CPU.Build.0 = Debug|Any CPU
		{D5EE304A-227C-4A50-8F0A-A8D1E4036C34}.Release|Any CPU.ActiveCfg = Release|Any CPU
		{D5EE304A-227C-4A50-8F0A-A8D1E4036C34}.Release|Any CPU.Build.0 = Release|Any CPU
		{86A65EE7-29ED-4780-AA29-31DABA6A1DA3}.Debug|Any CPU.ActiveCfg = Debug|Any CPU
		{86A65EE7-29ED-4780-AA29-31DABA6A1DA3}.Debug|Any CPU.Build.0 = Debug|Any CPU
		{86A65EE7-29ED-4780-AA29-31DABA6A1DA3}.Release|Any CPU.ActiveCfg = Release|Any CPU
		{86A65EE7-29ED-4780-AA29-31DABA6A1DA3}.Release|Any CPU.Build.0 = Release|Any CPU
	EndGlobalSection
	GlobalSection(SolutionProperties) = preSolution
		HideSolutionNode = FALSE
	EndGlobalSection
	GlobalSection(NestedProjects) = preSolution
		{A01653D6-AFFE-42C3-AFC6-27E71817FCC3} = {C296589E-16E3-4A48-A624-0E7B64055696}
		{D5EE304A-227C-4A50-8F0A-A8D1E4036C34} = {30B79B69-1085-4057-A057-31F2D1E5D863}
	EndGlobalSection
	GlobalSection(ExtensibilityGlobals) = postSolution
		SolutionGuid = {651C1AEA-305B-4935-8FD7-0DB870CBCCF6}
	EndGlobalSection
EndGlobal
