
Microsoft Visual Studio Solution File, Format Version 12.00
# Visual Studio Version 16
VisualStudioVersion = 16.0.30611.23
MinimumVisualStudioVersion = 10.0.40219.1
Project("{FAE04EC0-301F-11D3-BF4B-00C04F79EFBC}") = "lab1_PR", "lab1_PR.csproj", "{CB8F87AE-111B-4925-92AB-8BEF749FDC34}"
EndProject
Project("{FAE04EC0-301F-11D3-BF4B-00C04F79EFBC}") = "Server", "..\Server\Server.csproj", "{CA32EF20-98F6-4F7E-9B86-4F0E7B5958D3}"
EndProject
Global
	GlobalSection(SolutionConfigurationPlatforms) = preSolution
		Debug|Any CPU = Debug|Any CPU
		Release|Any CPU = Release|Any CPU
	EndGlobalSection
	GlobalSection(ProjectConfigurationPlatforms) = postSolution
		{CB8F87AE-111B-4925-92AB-8BEF749FDC34}.Debug|Any CPU.ActiveCfg = Debug|Any CPU
		{CB8F87AE-111B-4925-92AB-8BEF749FDC34}.Debug|Any CPU.Build.0 = Debug|Any CPU
		{CB8F87AE-111B-4925-92AB-8BEF749FDC34}.Release|Any CPU.ActiveCfg = Release|Any CPU
		{CB8F87AE-111B-4925-92AB-8BEF749FDC34}.Release|Any CPU.Build.0 = Release|Any CPU
		{CA32EF20-98F6-4F7E-9B86-4F0E7B5958D3}.Debug|Any CPU.ActiveCfg = Debug|Any CPU
		{CA32EF20-98F6-4F7E-9B86-4F0E7B5958D3}.Debug|Any CPU.Build.0 = Debug|Any CPU
		{CA32EF20-98F6-4F7E-9B86-4F0E7B5958D3}.Release|Any CPU.ActiveCfg = Release|Any CPU
		{CA32EF20-98F6-4F7E-9B86-4F0E7B5958D3}.Release|Any CPU.Build.0 = Release|Any CPU
	EndGlobalSection
	GlobalSection(SolutionProperties) = preSolution
		HideSolutionNode = FALSE
	EndGlobalSection
	GlobalSection(ExtensibilityGlobals) = postSolution
		SolutionGuid = {A555BAF5-8E58-4166-A6DE-BE1BE85C323B}
	EndGlobalSection
EndGlobal
